
Microsoft Visual Studio Solution File, Format Version 12.00
# Visual Studio Version 17
VisualStudioVersion = 17.14.36221.1
MinimumVisualStudioVersion = 10.0.40219.1
Project("{FAE04EC0-301F-11D3-BF4B-00C04F79EFBC}") = "GameReviews", "GameReviews\GameReviews.csproj", "{297A98BB-3D6A-4F82-8A13-D3005D3EB856}"
EndProject
Project("{FAE04EC0-301F-11D3-BF4B-00C04F79EFBC}") = "GameReviews.Tests", "GameReviews.Tests\GameReviews.Tests.csproj", "{F689317A-8AE9-4FE5-80EA-19876097E01C}"
EndProject
Global
	GlobalSection(SolutionConfigurationPlatforms) = preSolution
		Debug|Any CPU = Debug|Any CPU
		Release|Any CPU = Release|Any CPU
	EndGlobalSection
	GlobalSection(ProjectConfigurationPlatforms) = postSolution
		{297A98BB-3D6A-4F82-8A13-D3005D3EB856}.Debug|Any CPU.ActiveCfg = Debug|Any CPU
		{297A98BB-3D6A-4F82-8A13-D3005D3EB856}.Debug|Any CPU.Build.0 = Debug|Any CPU
		{297A98BB-3D6A-4F82-8A13-D3005D3EB856}.Release|Any CPU.ActiveCfg = Release|Any CPU
		{297A98BB-3D6A-4F82-8A13-D3005D3EB856}.Release|Any CPU.Build.0 = Release|Any CPU
		{F689317A-8AE9-4FE5-80EA-19876097E01C}.Debug|Any CPU.ActiveCfg = Debug|Any CPU
		{F689317A-8AE9-4FE5-80EA-19876097E01C}.Debug|Any CPU.Build.0 = Debug|Any CPU
		{F689317A-8AE9-4FE5-80EA-19876097E01C}.Release|Any CPU.ActiveCfg = Release|Any CPU
		{F689317A-8AE9-4FE5-80EA-19876097E01C}.Release|Any CPU.Build.0 = Release|Any CPU
	EndGlobalSection
	GlobalSection(SolutionProperties) = preSolution
		HideSolutionNode = FALSE
	EndGlobalSection
	GlobalSection(ExtensibilityGlobals) = postSolution
		SolutionGuid = {04DF3F91-7790-488E-B180-24CB37685AA1}
	EndGlobalSection
EndGlobal
